
Microsoft Visual Studio Solution File, Format Version 11.00
# Visual Studio 2010
Project("{F184B08F-C81C-45F6-A57F-5ABD9991F28F}") = "My system", "My system\My system.vbproj", "{B4C65CD7-EFA8-4FE8-AB4F-5DACD2D58859}"
EndProject
Project("{54435603-DBB4-11D2-8724-00A0C9A8B90C}") = "test install", "test install\test install.vdproj", "{120C6FFF-869B-4AFF-A6B9-AC9252759057}"
EndProject
Global
	GlobalSection(SolutionConfigurationPlatforms) = preSolution
		Debug|x86 = Debug|x86
		Release|x86 = Release|x86
	EndGlobalSection
	GlobalSection(ProjectConfigurationPlatforms) = postSolution
		{B4C65CD7-EFA8-4FE8-AB4F-5DACD2D58859}.Debug|x86.ActiveCfg = Debug|x86
		{B4C65CD7-EFA8-4FE8-AB4F-5DACD2D58859}.Debug|x86.Build.0 = Debug|x86
		{B4C65CD7-EFA8-4FE8-AB4F-5DACD2D58859}.Release|x86.ActiveCfg = Release|x86
		{B4C65CD7-EFA8-4FE8-AB4F-5DACD2D58859}.Release|x86.Build.0 = Release|x86
		{120C6FFF-869B-4AFF-A6B9-AC9252759057}.Debug|x86.ActiveCfg = Debug
		{120C6FFF-869B-4AFF-A6B9-AC9252759057}.Release|x86.ActiveCfg = Release
	EndGlobalSection
	GlobalSection(SolutionProperties) = preSolution
		HideSolutionNode = FALSE
	EndGlobalSection
EndGlobal
