
Microsoft Visual Studio Solution File, Format Version 11.00
# Visual Studio 2010
Project("{FAE04EC0-301F-11D3-BF4B-00C04F79EFBC}") = "while loop", "while loop\while loop.csproj", "{75F91571-0FFC-4704-B6AB-C03F8569283E}"
EndProject
Global
	GlobalSection(SolutionConfigurationPlatforms) = preSolution
		Debug|x86 = Debug|x86
		Release|x86 = Release|x86
	EndGlobalSection
	GlobalSection(ProjectConfigurationPlatforms) = postSolution
		{75F91571-0FFC-4704-B6AB-C03F8569283E}.Debug|x86.ActiveCfg = Debug|x86
		{75F91571-0FFC-4704-B6AB-C03F8569283E}.Debug|x86.Build.0 = Debug|x86
		{75F91571-0FFC-4704-B6AB-C03F8569283E}.Release|x86.ActiveCfg = Release|x86
		{75F91571-0FFC-4704-B6AB-C03F8569283E}.Release|x86.Build.0 = Release|x86
	EndGlobalSection
	GlobalSection(SolutionProperties) = preSolution
		HideSolutionNode = FALSE
	EndGlobalSection
EndGlobal
